// !$*UTF8*$!
{
	archiveVersion = 1;
	classes = {
	};
	objectVersion = 55;
	objects = {

/* Begin PBXBuildFile section */
		6B305DAB28145B5100D877CB /* Click.mp3 in Resources */ = {isa = PBXBuildFile; fileRef = 6B305DAA28145B5100D877CB /* Click.mp3 */; };
		6B305DAF28145B8500D877CB /* SoundView.swift in Sources */ = {isa = PBXBuildFile; fileRef = 6B305DAE28145B8500D877CB /* SoundView.swift */; };
		6B305DB128145CBA00D877CB /* PlayerViewModel.swift in Sources */ = {isa = PBXBuildFile; fileRef = 6B305DB028145CBA00D877CB /* PlayerViewModel.swift */; };
		6B305DBB2814A1D300D877CB /* Mechanical metronome - High.aif in Resources */ = {isa = PBXBuildFile; fileRef = 6B305DB32814A1D300D877CB /* Mechanical metronome - High.aif */; };
		6B305DBC2814A1D300D877CB /* Hi-hat.aif in Resources */ = {isa = PBXBuildFile; fileRef = 6B305DB42814A1D300D877CB /* Hi-hat.aif */; };
		6B305DBD2814A1D300D877CB /* Cowbell.aif in Resources */ = {isa = PBXBuildFile; fileRef = 6B305DB52814A1D300D877CB /* Cowbell.aif */; };
		6B305DBE2814A1D300D877CB /* Bass drum.aif in Resources */ = {isa = PBXBuildFile; fileRef = 6B305DB62814A1D300D877CB /* Bass drum.aif */; };
		6B305DBF2814A1D300D877CB /* Jack slap.aif in Resources */ = {isa = PBXBuildFile; fileRef = 6B305DB72814A1D300D877CB /* Jack slap.aif */; };
		6B305DC02814A1D300D877CB /* Mechanical metronome - Low.aif in Resources */ = {isa = PBXBuildFile; fileRef = 6B305DB82814A1D300D877CB /* Mechanical metronome - Low.aif */; };
		6B305DC12814A1D300D877CB /* Rimshot.aif in Resources */ = {isa = PBXBuildFile; fileRef = 6B305DB92814A1D300D877CB /* Rimshot.aif */; };
		6B305DC22814A1D300D877CB /* LAUGH!.aif in Resources */ = {isa = PBXBuildFile; fileRef = 6B305DBA2814A1D300D877CB /* LAUGH!.aif */; };
		6B305DC82815860E00D877CB /* Colors.swift in Sources */ = {isa = PBXBuildFile; fileRef = 6B305DC72815860E00D877CB /* Colors.swift */; };
		6B305DD22815E47900D877CB /* SessionDelegater.swift in Sources */ = {isa = PBXBuildFile; fileRef = 6B305DD12815E47900D877CB /* SessionDelegater.swift */; };
		6B305DD42815E6D500D877CB /* SessionDelegater.swift in Sources */ = {isa = PBXBuildFile; fileRef = 6B305DD32815E6D500D877CB /* SessionDelegater.swift */; };
		6B3402AD281DA24000C71216 /* NewWorkOutView.swift in Sources */ = {isa = PBXBuildFile; fileRef = 6B3402AC281DA24000C71216 /* NewWorkOutView.swift */; };
		6B3402AF281DA46A00C71216 /* DashboardView.swift in Sources */ = {isa = PBXBuildFile; fileRef = 6B3402AE281DA46A00C71216 /* DashboardView.swift */; };
		6B3402B1281DD1A100C71216 /* Styles.swift in Sources */ = {isa = PBXBuildFile; fileRef = 6B3402B0281DD1A100C71216 /* Styles.swift */; };
		6B3402B7281ED71400C71216 /* SwiftUIGIF in Frameworks */ = {isa = PBXBuildFile; productRef = 6B3402B6281ED71400C71216 /* SwiftUIGIF */; };
		6B3402B9281ED9EE00C71216 /* appleWatchAnimation.gif in Resources */ = {isa = PBXBuildFile; fileRef = 6B3402B8281ED9EE00C71216 /* appleWatchAnimation.gif */; };
		6B3402C0281EEBD400C71216 /* MetronomeModel.swift in Sources */ = {isa = PBXBuildFile; fileRef = 6B3402BF281EEBD400C71216 /* MetronomeModel.swift */; };
		6B3402C2281EEC6400C71216 /* TriangleWaveModel.swift in Sources */ = {isa = PBXBuildFile; fileRef = 6B3402C1281EEC6400C71216 /* TriangleWaveModel.swift */; };
		6B3402C5281F376600C71216 /* HalfASheet in Frameworks */ = {isa = PBXBuildFile; productRef = 6B3402C4281F376600C71216 /* HalfASheet */; };
		6B3402C7281F3B3F00C71216 /* Representables.swift in Sources */ = {isa = PBXBuildFile; fileRef = 6B3402C6281F3B3F00C71216 /* Representables.swift */; };
		6B3402CC281FE40200C71216 /* View+extensions.swift in Sources */ = {isa = PBXBuildFile; fileRef = 6B3402CB281FE40200C71216 /* View+extensions.swift */; };
		6B3402CE28205EF300C71216 /* ListenNowView.swift in Sources */ = {isa = PBXBuildFile; fileRef = 6B3402CD28205EF300C71216 /* ListenNowView.swift */; };
		6B3402D3282107E700C71216 /* DashboardViewModel.swift in Sources */ = {isa = PBXBuildFile; fileRef = 6B3402D2282107E700C71216 /* DashboardViewModel.swift */; };
		6B3402D628210A2200C71216 /* HealthKit.framework in Frameworks */ = {isa = PBXBuildFile; fileRef = 6B3402D528210A2200C71216 /* HealthKit.framework */; };
		6B3402D9282127FA00C71216 /* CorePermissionsSwiftUI in Frameworks */ = {isa = PBXBuildFile; productRef = 6B3402D8282127FA00C71216 /* CorePermissionsSwiftUI */; };
		6B3402DB282127FA00C71216 /* PermissionsSwiftUIHealth in Frameworks */ = {isa = PBXBuildFile; productRef = 6B3402DA282127FA00C71216 /* PermissionsSwiftUIHealth */; };
		6B4434BD28258E58006CBA12 /* RowDetailsView.swift in Sources */ = {isa = PBXBuildFile; fileRef = 6B4434BC28258E58006CBA12 /* RowDetailsView.swift */; };
		6B46835D28217A630048E20B /* RecentWorkoutsWidgets.swift in Sources */ = {isa = PBXBuildFile; fileRef = 6B46835C28217A630048E20B /* RecentWorkoutsWidgets.swift */; };
		6B46835F28217D350048E20B /* WorkoutRowModel.swift in Sources */ = {isa = PBXBuildFile; fileRef = 6B46835E28217D350048E20B /* WorkoutRowModel.swift */; };
		6B46836128217DCB0048E20B /* HKWorkoutActivityType+extensions.swift in Sources */ = {isa = PBXBuildFile; fileRef = 6B46836028217DCB0048E20B /* HKWorkoutActivityType+extensions.swift */; };
		6B46836328217E1A0048E20B /* HKWorkout+extensions.swift in Sources */ = {isa = PBXBuildFile; fileRef = 6B46836228217E1A0048E20B /* HKWorkout+extensions.swift */; };
		6B46836528217E5F0048E20B /* Array+extensions.swift in Sources */ = {isa = PBXBuildFile; fileRef = 6B46836428217E5F0048E20B /* Array+extensions.swift */; };
		6B46836728217EDE0048E20B /* Text+extensions.swift in Sources */ = {isa = PBXBuildFile; fileRef = 6B46836628217EDE0048E20B /* Text+extensions.swift */; };
		6B46836A282349430048E20B /* WorktoutDetailsModel.swift in Sources */ = {isa = PBXBuildFile; fileRef = 6B468369282349430048E20B /* WorktoutDetailsModel.swift */; };
		6B4D30A22816D09C0078FEA3 /* WorkoutManager.swift in Sources */ = {isa = PBXBuildFile; fileRef = 6B4D30A12816D09C0078FEA3 /* WorkoutManager.swift */; };
		6B4D30A42816D2290078FEA3 /* SessionPaginView.swift in Sources */ = {isa = PBXBuildFile; fileRef = 6B4D30A32816D2290078FEA3 /* SessionPaginView.swift */; };
		6B4D30A62816D2530078FEA3 /* ControlsView.swift in Sources */ = {isa = PBXBuildFile; fileRef = 6B4D30A52816D2530078FEA3 /* ControlsView.swift */; };
		6B4D30A82816D28B0078FEA3 /* MetricsView.swift in Sources */ = {isa = PBXBuildFile; fileRef = 6B4D30A72816D28B0078FEA3 /* MetricsView.swift */; };
		6B4D30AB2816D6060078FEA3 /* SummaryView.swift in Sources */ = {isa = PBXBuildFile; fileRef = 6B4D30AA2816D6060078FEA3 /* SummaryView.swift */; };
		6B4D30AD2816D8FE0078FEA3 /* SesssionManager.swift in Sources */ = {isa = PBXBuildFile; fileRef = 6B4D30AC2816D8FE0078FEA3 /* SesssionManager.swift */; };
		6BE4A01828107A54004CB806 /* SpeedOfSoundApp.swift in Sources */ = {isa = PBXBuildFile; fileRef = 6BE4A01728107A54004CB806 /* SpeedOfSoundApp.swift */; };
		6BE4A01A28107A54004CB806 /* ContentView.swift in Sources */ = {isa = PBXBuildFile; fileRef = 6BE4A01928107A54004CB806 /* ContentView.swift */; };
		6BE4A01C28107A57004CB806 /* Assets.xcassets in Resources */ = {isa = PBXBuildFile; fileRef = 6BE4A01B28107A57004CB806 /* Assets.xcassets */; };
		6BE4A01F28107A57004CB806 /* Preview Assets.xcassets in Resources */ = {isa = PBXBuildFile; fileRef = 6BE4A01E28107A57004CB806 /* Preview Assets.xcassets */; };
		6BE4A02928107A57004CB806 /* SpeedOfSoundTests.swift in Sources */ = {isa = PBXBuildFile; fileRef = 6BE4A02828107A57004CB806 /* SpeedOfSoundTests.swift */; };
		6BE4A03328107A57004CB806 /* SpeedOfSoundUITests.swift in Sources */ = {isa = PBXBuildFile; fileRef = 6BE4A03228107A57004CB806 /* SpeedOfSoundUITests.swift */; };
		6BE4A03528107A57004CB806 /* SpeedOfSoundUITestsLaunchTests.swift in Sources */ = {isa = PBXBuildFile; fileRef = 6BE4A03428107A57004CB806 /* SpeedOfSoundUITestsLaunchTests.swift */; };
		6BE4A03928107A57004CB806 /* SpeedOfSound WatchKit App.app in Embed Watch Content */ = {isa = PBXBuildFile; fileRef = 6BE4A03828107A57004CB806 /* SpeedOfSound WatchKit App.app */; settings = {ATTRIBUTES = (RemoveHeadersOnCopy, ); }; };
		6BE4A03E28107A58004CB806 /* Assets.xcassets in Resources */ = {isa = PBXBuildFile; fileRef = 6BE4A03D28107A58004CB806 /* Assets.xcassets */; };
		6BE4A04428107A58004CB806 /* SpeedOfSound WatchKit Extension.appex in Embed App Extensions */ = {isa = PBXBuildFile; fileRef = 6BE4A04328107A58004CB806 /* SpeedOfSound WatchKit Extension.appex */; settings = {ATTRIBUTES = (RemoveHeadersOnCopy, ); }; };
		6BE4A04928107A58004CB806 /* SpeedOfSoundApp.swift in Sources */ = {isa = PBXBuildFile; fileRef = 6BE4A04828107A58004CB806 /* SpeedOfSoundApp.swift */; };
		6BE4A04B28107A58004CB806 /* ContentView.swift in Sources */ = {isa = PBXBuildFile; fileRef = 6BE4A04A28107A58004CB806 /* ContentView.swift */; };
		6BE4A04D28107A58004CB806 /* NotificationController.swift in Sources */ = {isa = PBXBuildFile; fileRef = 6BE4A04C28107A58004CB806 /* NotificationController.swift */; };
		6BE4A04F28107A58004CB806 /* NotificationView.swift in Sources */ = {isa = PBXBuildFile; fileRef = 6BE4A04E28107A58004CB806 /* NotificationView.swift */; };
		6BE4A05128107A58004CB806 /* ComplicationController.swift in Sources */ = {isa = PBXBuildFile; fileRef = 6BE4A05028107A58004CB806 /* ComplicationController.swift */; };
		6BE4A05328107A59004CB806 /* Assets.xcassets in Resources */ = {isa = PBXBuildFile; fileRef = 6BE4A05228107A59004CB806 /* Assets.xcassets */; };
		6BE4A05628107A59004CB806 /* Preview Assets.xcassets in Resources */ = {isa = PBXBuildFile; fileRef = 6BE4A05528107A59004CB806 /* Preview Assets.xcassets */; };
		6BE4A06228107A59004CB806 /* SpeedOfSound_WatchKit_AppTests.swift in Sources */ = {isa = PBXBuildFile; fileRef = 6BE4A06128107A59004CB806 /* SpeedOfSound_WatchKit_AppTests.swift */; };
		6BE4A06C28107A59004CB806 /* SpeedOfSound_WatchKit_AppUITests.swift in Sources */ = {isa = PBXBuildFile; fileRef = 6BE4A06B28107A59004CB806 /* SpeedOfSound_WatchKit_AppUITests.swift */; };
		6BE4A06E28107A59004CB806 /* SpeedOfSound_WatchKit_AppUITestsLaunchTests.swift in Sources */ = {isa = PBXBuildFile; fileRef = 6BE4A06D28107A59004CB806 /* SpeedOfSound_WatchKit_AppUITestsLaunchTests.swift */; };
		6BFE6A5C28108294008FE74E /* HealthKit.framework in Frameworks */ = {isa = PBXBuildFile; fileRef = 6BFE6A5B28108294008FE74E /* HealthKit.framework */; };
/* End PBXBuildFile section */

/* Begin PBXContainerItemProxy section */
		6BE4A02528107A57004CB806 /* PBXContainerItemProxy */ = {
			isa = PBXContainerItemProxy;
			containerPortal = 6BE4A00C28107A54004CB806 /* Project object */;
			proxyType = 1;
			remoteGlobalIDString = 6BE4A01328107A54004CB806;
			remoteInfo = SpeedOfSound;
		};
		6BE4A02F28107A57004CB806 /* PBXContainerItemProxy */ = {
			isa = PBXContainerItemProxy;
			containerPortal = 6BE4A00C28107A54004CB806 /* Project object */;
			proxyType = 1;
			remoteGlobalIDString = 6BE4A01328107A54004CB806;
			remoteInfo = SpeedOfSound;
		};
		6BE4A03A28107A57004CB806 /* PBXContainerItemProxy */ = {
			isa = PBXContainerItemProxy;
			containerPortal = 6BE4A00C28107A54004CB806 /* Project object */;
			proxyType = 1;
			remoteGlobalIDString = 6BE4A03728107A57004CB806;
			remoteInfo = "SpeedOfSound WatchKit App";
		};
		6BE4A04528107A58004CB806 /* PBXContainerItemProxy */ = {
			isa = PBXContainerItemProxy;
			containerPortal = 6BE4A00C28107A54004CB806 /* Project object */;
			proxyType = 1;
			remoteGlobalIDString = 6BE4A04228107A58004CB806;
			remoteInfo = "SpeedOfSound WatchKit Extension";
		};
		6BE4A05E28107A59004CB806 /* PBXContainerItemProxy */ = {
			isa = PBXContainerItemProxy;
			containerPortal = 6BE4A00C28107A54004CB806 /* Project object */;
			proxyType = 1;
			remoteGlobalIDString = 6BE4A04228107A58004CB806;
			remoteInfo = "SpeedOfSound WatchKit Extension";
		};
		6BE4A06828107A59004CB806 /* PBXContainerItemProxy */ = {
			isa = PBXContainerItemProxy;
			containerPortal = 6BE4A00C28107A54004CB806 /* Project object */;
			proxyType = 1;
			remoteGlobalIDString = 6BE4A03728107A57004CB806;
			remoteInfo = "SpeedOfSound WatchKit App";
		};
/* End PBXContainerItemProxy section */

/* Begin PBXCopyFilesBuildPhase section */
		6BE4A07428107A59004CB806 /* Embed App Extensions */ = {
			isa = PBXCopyFilesBuildPhase;
			buildActionMask = 2147483647;
			dstPath = "";
			dstSubfolderSpec = 13;
			files = (
				6BE4A04428107A58004CB806 /* SpeedOfSound WatchKit Extension.appex in Embed App Extensions */,
			);
			name = "Embed App Extensions";
			runOnlyForDeploymentPostprocessing = 0;
		};
		6BE4A07828107A59004CB806 /* Embed Watch Content */ = {
			isa = PBXCopyFilesBuildPhase;
			buildActionMask = 2147483647;
			dstPath = "$(CONTENTS_FOLDER_PATH)/Watch";
			dstSubfolderSpec = 16;
			files = (
				6BE4A03928107A57004CB806 /* SpeedOfSound WatchKit App.app in Embed Watch Content */,
			);
			name = "Embed Watch Content";
			runOnlyForDeploymentPostprocessing = 0;
		};
/* End PBXCopyFilesBuildPhase section */

/* Begin PBXFileReference section */
		6B305DAA28145B5100D877CB /* Click.mp3 */ = {isa = PBXFileReference; lastKnownFileType = audio.mp3; path = Click.mp3; sourceTree = "<group>"; };
		6B305DAE28145B8500D877CB /* SoundView.swift */ = {isa = PBXFileReference; lastKnownFileType = sourcecode.swift; path = SoundView.swift; sourceTree = "<group>"; };
		6B305DB028145CBA00D877CB /* PlayerViewModel.swift */ = {isa = PBXFileReference; lastKnownFileType = sourcecode.swift; path = PlayerViewModel.swift; sourceTree = "<group>"; };
		6B305DB32814A1D300D877CB /* Mechanical metronome - High.aif */ = {isa = PBXFileReference; lastKnownFileType = file; path = "Mechanical metronome - High.aif"; sourceTree = "<group>"; };
		6B305DB42814A1D300D877CB /* Hi-hat.aif */ = {isa = PBXFileReference; lastKnownFileType = file; path = "Hi-hat.aif"; sourceTree = "<group>"; };
		6B305DB52814A1D300D877CB /* Cowbell.aif */ = {isa = PBXFileReference; lastKnownFileType = file; path = Cowbell.aif; sourceTree = "<group>"; };
		6B305DB62814A1D300D877CB /* Bass drum.aif */ = {isa = PBXFileReference; lastKnownFileType = file; path = "Bass drum.aif"; sourceTree = "<group>"; };
		6B305DB72814A1D300D877CB /* Jack slap.aif */ = {isa = PBXFileReference; lastKnownFileType = file; path = "Jack slap.aif"; sourceTree = "<group>"; };
		6B305DB82814A1D300D877CB /* Mechanical metronome - Low.aif */ = {isa = PBXFileReference; lastKnownFileType = file; path = "Mechanical metronome - Low.aif"; sourceTree = "<group>"; };
		6B305DB92814A1D300D877CB /* Rimshot.aif */ = {isa = PBXFileReference; lastKnownFileType = file; path = Rimshot.aif; sourceTree = "<group>"; };
		6B305DBA2814A1D300D877CB /* LAUGH!.aif */ = {isa = PBXFileReference; lastKnownFileType = file; path = "LAUGH!.aif"; sourceTree = "<group>"; };
		6B305DC72815860E00D877CB /* Colors.swift */ = {isa = PBXFileReference; lastKnownFileType = sourcecode.swift; path = Colors.swift; sourceTree = "<group>"; };
		6B305DD12815E47900D877CB /* SessionDelegater.swift */ = {isa = PBXFileReference; lastKnownFileType = sourcecode.swift; path = SessionDelegater.swift; sourceTree = "<group>"; };
		6B305DD32815E6D500D877CB /* SessionDelegater.swift */ = {isa = PBXFileReference; lastKnownFileType = sourcecode.swift; path = SessionDelegater.swift; sourceTree = "<group>"; };
		6B3402AA281A9C7600C71216 /* Info.plist */ = {isa = PBXFileReference; lastKnownFileType = text.plist; path = Info.plist; sourceTree = "<group>"; };
		6B3402AC281DA24000C71216 /* NewWorkOutView.swift */ = {isa = PBXFileReference; lastKnownFileType = sourcecode.swift; path = NewWorkOutView.swift; sourceTree = "<group>"; };
		6B3402AE281DA46A00C71216 /* DashboardView.swift */ = {isa = PBXFileReference; lastKnownFileType = sourcecode.swift; path = DashboardView.swift; sourceTree = "<group>"; };
		6B3402B0281DD1A100C71216 /* Styles.swift */ = {isa = PBXFileReference; lastKnownFileType = sourcecode.swift; path = Styles.swift; sourceTree = "<group>"; };
		6B3402B8281ED9EE00C71216 /* appleWatchAnimation.gif */ = {isa = PBXFileReference; lastKnownFileType = image.gif; path = appleWatchAnimation.gif; sourceTree = "<group>"; };
		6B3402BF281EEBD400C71216 /* MetronomeModel.swift */ = {isa = PBXFileReference; lastKnownFileType = sourcecode.swift; path = MetronomeModel.swift; sourceTree = "<group>"; };
		6B3402C1281EEC6400C71216 /* TriangleWaveModel.swift */ = {isa = PBXFileReference; lastKnownFileType = sourcecode.swift; path = TriangleWaveModel.swift; sourceTree = "<group>"; };
		6B3402C6281F3B3F00C71216 /* Representables.swift */ = {isa = PBXFileReference; lastKnownFileType = sourcecode.swift; path = Representables.swift; sourceTree = "<group>"; };
		6B3402CB281FE40200C71216 /* View+extensions.swift */ = {isa = PBXFileReference; lastKnownFileType = sourcecode.swift; path = "View+extensions.swift"; sourceTree = "<group>"; };
		6B3402CD28205EF300C71216 /* ListenNowView.swift */ = {isa = PBXFileReference; lastKnownFileType = sourcecode.swift; path = ListenNowView.swift; sourceTree = "<group>"; };
		6B3402D2282107E700C71216 /* DashboardViewModel.swift */ = {isa = PBXFileReference; lastKnownFileType = sourcecode.swift; path = DashboardViewModel.swift; sourceTree = "<group>"; };
		6B3402D428210A2200C71216 /* SpeedOfSound.entitlements */ = {isa = PBXFileReference; lastKnownFileType = text.plist.entitlements; path = SpeedOfSound.entitlements; sourceTree = "<group>"; };
		6B3402D528210A2200C71216 /* HealthKit.framework */ = {isa = PBXFileReference; lastKnownFileType = wrapper.framework; name = HealthKit.framework; path = Platforms/iPhoneOS.platform/Developer/SDKs/iPhoneOS15.4.sdk/System/Library/Frameworks/HealthKit.framework; sourceTree = DEVELOPER_DIR; };
		6B4434BC28258E58006CBA12 /* RowDetailsView.swift */ = {isa = PBXFileReference; lastKnownFileType = sourcecode.swift; path = RowDetailsView.swift; sourceTree = "<group>"; };
		6B46835C28217A630048E20B /* RecentWorkoutsWidgets.swift */ = {isa = PBXFileReference; lastKnownFileType = sourcecode.swift; path = RecentWorkoutsWidgets.swift; sourceTree = "<group>"; };
		6B46835E28217D350048E20B /* WorkoutRowModel.swift */ = {isa = PBXFileReference; lastKnownFileType = sourcecode.swift; path = WorkoutRowModel.swift; sourceTree = "<group>"; };
		6B46836028217DCB0048E20B /* HKWorkoutActivityType+extensions.swift */ = {isa = PBXFileReference; lastKnownFileType = sourcecode.swift; path = "HKWorkoutActivityType+extensions.swift"; sourceTree = "<group>"; };
		6B46836228217E1A0048E20B /* HKWorkout+extensions.swift */ = {isa = PBXFileReference; lastKnownFileType = sourcecode.swift; path = "HKWorkout+extensions.swift"; sourceTree = "<group>"; };
		6B46836428217E5F0048E20B /* Array+extensions.swift */ = {isa = PBXFileReference; lastKnownFileType = sourcecode.swift; path = "Array+extensions.swift"; sourceTree = "<group>"; };
		6B46836628217EDE0048E20B /* Text+extensions.swift */ = {isa = PBXFileReference; lastKnownFileType = sourcecode.swift; path = "Text+extensions.swift"; sourceTree = "<group>"; };
		6B468369282349430048E20B /* WorktoutDetailsModel.swift */ = {isa = PBXFileReference; lastKnownFileType = sourcecode.swift; path = WorktoutDetailsModel.swift; sourceTree = "<group>"; };
		6B4D30A12816D09C0078FEA3 /* WorkoutManager.swift */ = {isa = PBXFileReference; lastKnownFileType = sourcecode.swift; path = WorkoutManager.swift; sourceTree = "<group>"; };
		6B4D30A32816D2290078FEA3 /* SessionPaginView.swift */ = {isa = PBXFileReference; lastKnownFileType = sourcecode.swift; path = SessionPaginView.swift; sourceTree = "<group>"; };
		6B4D30A52816D2530078FEA3 /* ControlsView.swift */ = {isa = PBXFileReference; lastKnownFileType = sourcecode.swift; path = ControlsView.swift; sourceTree = "<group>"; };
		6B4D30A72816D28B0078FEA3 /* MetricsView.swift */ = {isa = PBXFileReference; lastKnownFileType = sourcecode.swift; path = MetricsView.swift; sourceTree = "<group>"; };
		6B4D30AA2816D6060078FEA3 /* SummaryView.swift */ = {isa = PBXFileReference; lastKnownFileType = sourcecode.swift; path = SummaryView.swift; sourceTree = "<group>"; };
		6B4D30AC2816D8FE0078FEA3 /* SesssionManager.swift */ = {isa = PBXFileReference; lastKnownFileType = sourcecode.swift; path = SesssionManager.swift; sourceTree = "<group>"; };
		6BE4A01428107A54004CB806 /* SpeedOfSound.app */ = {isa = PBXFileReference; explicitFileType = wrapper.application; includeInIndex = 0; path = SpeedOfSound.app; sourceTree = BUILT_PRODUCTS_DIR; };
		6BE4A01728107A54004CB806 /* SpeedOfSoundApp.swift */ = {isa = PBXFileReference; lastKnownFileType = sourcecode.swift; path = SpeedOfSoundApp.swift; sourceTree = "<group>"; };
		6BE4A01928107A54004CB806 /* ContentView.swift */ = {isa = PBXFileReference; lastKnownFileType = sourcecode.swift; path = ContentView.swift; sourceTree = "<group>"; };
		6BE4A01B28107A57004CB806 /* Assets.xcassets */ = {isa = PBXFileReference; lastKnownFileType = folder.assetcatalog; path = Assets.xcassets; sourceTree = "<group>"; };
		6BE4A01E28107A57004CB806 /* Preview Assets.xcassets */ = {isa = PBXFileReference; lastKnownFileType = folder.assetcatalog; path = "Preview Assets.xcassets"; sourceTree = "<group>"; };
		6BE4A02428107A57004CB806 /* SpeedOfSoundTests.xctest */ = {isa = PBXFileReference; explicitFileType = wrapper.cfbundle; includeInIndex = 0; path = SpeedOfSoundTests.xctest; sourceTree = BUILT_PRODUCTS_DIR; };
		6BE4A02828107A57004CB806 /* SpeedOfSoundTests.swift */ = {isa = PBXFileReference; lastKnownFileType = sourcecode.swift; path = SpeedOfSoundTests.swift; sourceTree = "<group>"; };
		6BE4A02E28107A57004CB806 /* SpeedOfSoundUITests.xctest */ = {isa = PBXFileReference; explicitFileType = wrapper.cfbundle; includeInIndex = 0; path = SpeedOfSoundUITests.xctest; sourceTree = BUILT_PRODUCTS_DIR; };
		6BE4A03228107A57004CB806 /* SpeedOfSoundUITests.swift */ = {isa = PBXFileReference; lastKnownFileType = sourcecode.swift; path = SpeedOfSoundUITests.swift; sourceTree = "<group>"; };
		6BE4A03428107A57004CB806 /* SpeedOfSoundUITestsLaunchTests.swift */ = {isa = PBXFileReference; lastKnownFileType = sourcecode.swift; path = SpeedOfSoundUITestsLaunchTests.swift; sourceTree = "<group>"; };
		6BE4A03828107A57004CB806 /* SpeedOfSound WatchKit App.app */ = {isa = PBXFileReference; explicitFileType = wrapper.application; includeInIndex = 0; path = "SpeedOfSound WatchKit App.app"; sourceTree = BUILT_PRODUCTS_DIR; };
		6BE4A03D28107A58004CB806 /* Assets.xcassets */ = {isa = PBXFileReference; lastKnownFileType = folder.assetcatalog; path = Assets.xcassets; sourceTree = "<group>"; };
		6BE4A04328107A58004CB806 /* SpeedOfSound WatchKit Extension.appex */ = {isa = PBXFileReference; explicitFileType = "wrapper.app-extension"; includeInIndex = 0; path = "SpeedOfSound WatchKit Extension.appex"; sourceTree = BUILT_PRODUCTS_DIR; };
		6BE4A04828107A58004CB806 /* SpeedOfSoundApp.swift */ = {isa = PBXFileReference; lastKnownFileType = sourcecode.swift; path = SpeedOfSoundApp.swift; sourceTree = "<group>"; };
		6BE4A04A28107A58004CB806 /* ContentView.swift */ = {isa = PBXFileReference; lastKnownFileType = sourcecode.swift; path = ContentView.swift; sourceTree = "<group>"; };
		6BE4A04C28107A58004CB806 /* NotificationController.swift */ = {isa = PBXFileReference; lastKnownFileType = sourcecode.swift; path = NotificationController.swift; sourceTree = "<group>"; };
		6BE4A04E28107A58004CB806 /* NotificationView.swift */ = {isa = PBXFileReference; lastKnownFileType = sourcecode.swift; path = NotificationView.swift; sourceTree = "<group>"; };
		6BE4A05028107A58004CB806 /* ComplicationController.swift */ = {isa = PBXFileReference; lastKnownFileType = sourcecode.swift; path = ComplicationController.swift; sourceTree = "<group>"; };
		6BE4A05228107A59004CB806 /* Assets.xcassets */ = {isa = PBXFileReference; lastKnownFileType = folder.assetcatalog; path = Assets.xcassets; sourceTree = "<group>"; };
		6BE4A05528107A59004CB806 /* Preview Assets.xcassets */ = {isa = PBXFileReference; lastKnownFileType = folder.assetcatalog; path = "Preview Assets.xcassets"; sourceTree = "<group>"; };
		6BE4A05728107A59004CB806 /* Info.plist */ = {isa = PBXFileReference; lastKnownFileType = text.plist.xml; path = Info.plist; sourceTree = "<group>"; };
		6BE4A05828107A59004CB806 /* PushNotificationPayload.apns */ = {isa = PBXFileReference; lastKnownFileType = text; path = PushNotificationPayload.apns; sourceTree = "<group>"; };
		6BE4A05D28107A59004CB806 /* SpeedOfSound WatchKit AppTests.xctest */ = {isa = PBXFileReference; explicitFileType = wrapper.cfbundle; includeInIndex = 0; path = "SpeedOfSound WatchKit AppTests.xctest"; sourceTree = BUILT_PRODUCTS_DIR; };
		6BE4A06128107A59004CB806 /* SpeedOfSound_WatchKit_AppTests.swift */ = {isa = PBXFileReference; lastKnownFileType = sourcecode.swift; path = SpeedOfSound_WatchKit_AppTests.swift; sourceTree = "<group>"; };
		6BE4A06728107A59004CB806 /* SpeedOfSound WatchKit AppUITests.xctest */ = {isa = PBXFileReference; explicitFileType = wrapper.cfbundle; includeInIndex = 0; path = "SpeedOfSound WatchKit AppUITests.xctest"; sourceTree = BUILT_PRODUCTS_DIR; };
		6BE4A06B28107A59004CB806 /* SpeedOfSound_WatchKit_AppUITests.swift */ = {isa = PBXFileReference; lastKnownFileType = sourcecode.swift; path = SpeedOfSound_WatchKit_AppUITests.swift; sourceTree = "<group>"; };
		6BE4A06D28107A59004CB806 /* SpeedOfSound_WatchKit_AppUITestsLaunchTests.swift */ = {isa = PBXFileReference; lastKnownFileType = sourcecode.swift; path = SpeedOfSound_WatchKit_AppUITestsLaunchTests.swift; sourceTree = "<group>"; };
		6BFE6A5B28108294008FE74E /* HealthKit.framework */ = {isa = PBXFileReference; lastKnownFileType = wrapper.framework; name = HealthKit.framework; path = Platforms/WatchOS.platform/Developer/SDKs/WatchOS8.5.sdk/System/Library/Frameworks/HealthKit.framework; sourceTree = DEVELOPER_DIR; };
		6BFE6A5D28108376008FE74E /* SpeedOfSound WatchKit Extension.entitlements */ = {isa = PBXFileReference; lastKnownFileType = text.plist.entitlements; path = "SpeedOfSound WatchKit Extension.entitlements"; sourceTree = "<group>"; };
/* End PBXFileReference section */

/* Begin PBXFrameworksBuildPhase section */
		6BE4A01128107A54004CB806 /* Frameworks */ = {
			isa = PBXFrameworksBuildPhase;
			buildActionMask = 2147483647;
			files = (
				6B3402D628210A2200C71216 /* HealthKit.framework in Frameworks */,
				6B3402B7281ED71400C71216 /* SwiftUIGIF in Frameworks */,
				6B3402D9282127FA00C71216 /* CorePermissionsSwiftUI in Frameworks */,
				6B3402C5281F376600C71216 /* HalfASheet in Frameworks */,
				6B3402DB282127FA00C71216 /* PermissionsSwiftUIHealth in Frameworks */,
			);
			runOnlyForDeploymentPostprocessing = 0;
		};
		6BE4A02128107A57004CB806 /* Frameworks */ = {
			isa = PBXFrameworksBuildPhase;
			buildActionMask = 2147483647;
			files = (
			);
			runOnlyForDeploymentPostprocessing = 0;
		};
		6BE4A02B28107A57004CB806 /* Frameworks */ = {
			isa = PBXFrameworksBuildPhase;
			buildActionMask = 2147483647;
			files = (
			);
			runOnlyForDeploymentPostprocessing = 0;
		};
		6BE4A04028107A58004CB806 /* Frameworks */ = {
			isa = PBXFrameworksBuildPhase;
			buildActionMask = 2147483647;
			files = (
				6BFE6A5C28108294008FE74E /* HealthKit.framework in Frameworks */,
			);
			runOnlyForDeploymentPostprocessing = 0;
		};
		6BE4A05A28107A59004CB806 /* Frameworks */ = {
			isa = PBXFrameworksBuildPhase;
			buildActionMask = 2147483647;
			files = (
			);
			runOnlyForDeploymentPostprocessing = 0;
		};
		6BE4A06428107A59004CB806 /* Frameworks */ = {
			isa = PBXFrameworksBuildPhase;
			buildActionMask = 2147483647;
			files = (
			);
			runOnlyForDeploymentPostprocessing = 0;
		};
/* End PBXFrameworksBuildPhase section */

/* Begin PBXGroup section */
		6B305DB22814A1D300D877CB /* Sounds */ = {
			isa = PBXGroup;
			children = (
				6B305DAA28145B5100D877CB /* Click.mp3 */,
				6B305DB32814A1D300D877CB /* Mechanical metronome - High.aif */,
				6B305DB42814A1D300D877CB /* Hi-hat.aif */,
				6B305DB52814A1D300D877CB /* Cowbell.aif */,
				6B305DB62814A1D300D877CB /* Bass drum.aif */,
				6B305DB72814A1D300D877CB /* Jack slap.aif */,
				6B305DB82814A1D300D877CB /* Mechanical metronome - Low.aif */,
				6B305DB92814A1D300D877CB /* Rimshot.aif */,
				6B305DBA2814A1D300D877CB /* LAUGH!.aif */,
			);
			path = Sounds;
			sourceTree = "<group>";
		};
		6B305DC32815858300D877CB /* ViewModel */ = {
			isa = PBXGroup;
			children = (
				6B3402D2282107E700C71216 /* DashboardViewModel.swift */,
				6B305DB028145CBA00D877CB /* PlayerViewModel.swift */,
			);
			path = ViewModel;
			sourceTree = "<group>";
		};
		6B305DC42815859600D877CB /* View */ = {
			isa = PBXGroup;
			children = (
				6BE4A01728107A54004CB806 /* SpeedOfSoundApp.swift */,
				6B3402D1282105F900C71216 /* HomePage */,
				6B3402D0282105E200C71216 /* Player */,
				6B3402CF282105CE00C71216 /* Dashboard */,
			);
			path = View;
			sourceTree = "<group>";
		};
		6B305DCE2815D95900D877CB /* Notification */ = {
			isa = PBXGroup;
			children = (
				6BE4A04E28107A58004CB806 /* NotificationView.swift */,
				6BE4A04C28107A58004CB806 /* NotificationController.swift */,
			);
			path = Notification;
			sourceTree = "<group>";
		};
		6B3402AB281D97EC00C71216 /* Utility */ = {
			isa = PBXGroup;
			children = (
				6B305DD12815E47900D877CB /* SessionDelegater.swift */,
				6B305DC72815860E00D877CB /* Colors.swift */,
				6B3402B0281DD1A100C71216 /* Styles.swift */,
				6B3402C6281F3B3F00C71216 /* Representables.swift */,
			);
			path = Utility;
			sourceTree = "<group>";
		};
		6B3402BC281EE51F00C71216 /* Model */ = {
			isa = PBXGroup;
			children = (
				6B3402BF281EEBD400C71216 /* MetronomeModel.swift */,
				6B46835E28217D350048E20B /* WorkoutRowModel.swift */,
				6B468369282349430048E20B /* WorktoutDetailsModel.swift */,
				6B3402C1281EEC6400C71216 /* TriangleWaveModel.swift */,
			);
			path = Model;
			sourceTree = "<group>";
		};
		6B3402CF282105CE00C71216 /* Dashboard */ = {
			isa = PBXGroup;
			children = (
				6B3402AE281DA46A00C71216 /* DashboardView.swift */,
				6B46835C28217A630048E20B /* RecentWorkoutsWidgets.swift */,
				6B4434BC28258E58006CBA12 /* RowDetailsView.swift */,
			);
			path = Dashboard;
			sourceTree = "<group>";
		};
		6B3402D0282105E200C71216 /* Player */ = {
			isa = PBXGroup;
			children = (
				6B3402CD28205EF300C71216 /* ListenNowView.swift */,
				6B305DAE28145B8500D877CB /* SoundView.swift */,
			);
			path = Player;
			sourceTree = "<group>";
		};
		6B3402D1282105F900C71216 /* HomePage */ = {
			isa = PBXGroup;
			children = (
				6BE4A01928107A54004CB806 /* ContentView.swift */,
				6B3402AC281DA24000C71216 /* NewWorkOutView.swift */,
			);
			path = HomePage;
			sourceTree = "<group>";
		};
		6B46836828229AEC0048E20B /* Extensions */ = {
			isa = PBXGroup;
			children = (
				6B3402CB281FE40200C71216 /* View+extensions.swift */,
				6B46836428217E5F0048E20B /* Array+extensions.swift */,
				6B46836028217DCB0048E20B /* HKWorkoutActivityType+extensions.swift */,
				6B46836228217E1A0048E20B /* HKWorkout+extensions.swift */,
				6B46836628217EDE0048E20B /* Text+extensions.swift */,
			);
			path = Extensions;
			sourceTree = "<group>";
		};
		6B4D30A92816D34A0078FEA3 /* Views */ = {
			isa = PBXGroup;
			children = (
				6BE4A04828107A58004CB806 /* SpeedOfSoundApp.swift */,
				6B4D30AA2816D6060078FEA3 /* SummaryView.swift */,
				6BE4A04A28107A58004CB806 /* ContentView.swift */,
				6B4D30A32816D2290078FEA3 /* SessionPaginView.swift */,
				6B4D30A72816D28B0078FEA3 /* MetricsView.swift */,
				6B4D30A52816D2530078FEA3 /* ControlsView.swift */,
			);
			path = Views;
			sourceTree = "<group>";
		};
		6B4D30AE2816DD840078FEA3 /* Managers */ = {
			isa = PBXGroup;
			children = (
				6B4D30A12816D09C0078FEA3 /* WorkoutManager.swift */,
				6B4D30AC2816D8FE0078FEA3 /* SesssionManager.swift */,
				6B305DD32815E6D500D877CB /* SessionDelegater.swift */,
			);
			path = Managers;
			sourceTree = "<group>";
		};
		6BE4A00B28107A54004CB806 = {
			isa = PBXGroup;
			children = (
				6BE4A01628107A54004CB806 /* SpeedOfSound */,
				6BE4A02728107A57004CB806 /* SpeedOfSoundTests */,
				6BE4A03128107A57004CB806 /* SpeedOfSoundUITests */,
				6BE4A03C28107A57004CB806 /* SpeedOfSound WatchKit App */,
				6BE4A04728107A58004CB806 /* SpeedOfSound WatchKit Extension */,
				6BE4A06028107A59004CB806 /* SpeedOfSound WatchKit AppTests */,
				6BE4A06A28107A59004CB806 /* SpeedOfSound WatchKit AppUITests */,
				6BE4A01528107A54004CB806 /* Products */,
				6BFE6A5A28108294008FE74E /* Frameworks */,
			);
			sourceTree = "<group>";
		};
		6BE4A01528107A54004CB806 /* Products */ = {
			isa = PBXGroup;
			children = (
				6BE4A01428107A54004CB806 /* SpeedOfSound.app */,
				6BE4A02428107A57004CB806 /* SpeedOfSoundTests.xctest */,
				6BE4A02E28107A57004CB806 /* SpeedOfSoundUITests.xctest */,
				6BE4A03828107A57004CB806 /* SpeedOfSound WatchKit App.app */,
				6BE4A04328107A58004CB806 /* SpeedOfSound WatchKit Extension.appex */,
				6BE4A05D28107A59004CB806 /* SpeedOfSound WatchKit AppTests.xctest */,
				6BE4A06728107A59004CB806 /* SpeedOfSound WatchKit AppUITests.xctest */,
			);
			name = Products;
			sourceTree = "<group>";
		};
		6BE4A01628107A54004CB806 /* SpeedOfSound */ = {
			isa = PBXGroup;
			children = (
				6B3402D428210A2200C71216 /* SpeedOfSound.entitlements */,
				6B3402AA281A9C7600C71216 /* Info.plist */,
				6B305DC42815859600D877CB /* View */,
				6B305DC32815858300D877CB /* ViewModel */,
				6B3402BC281EE51F00C71216 /* Model */,
				6B3402AB281D97EC00C71216 /* Utility */,
				6B46836828229AEC0048E20B /* Extensions */,
				6B305DB22814A1D300D877CB /* Sounds */,
				6BE4A01B28107A57004CB806 /* Assets.xcassets */,
				6B3402B8281ED9EE00C71216 /* appleWatchAnimation.gif */,
				6BE4A01D28107A57004CB806 /* Preview Content */,
			);
			path = SpeedOfSound;
			sourceTree = "<group>";
		};
		6BE4A01D28107A57004CB806 /* Preview Content */ = {
			isa = PBXGroup;
			children = (
				6BE4A01E28107A57004CB806 /* Preview Assets.xcassets */,
			);
			path = "Preview Content";
			sourceTree = "<group>";
		};
		6BE4A02728107A57004CB806 /* SpeedOfSoundTests */ = {
			isa = PBXGroup;
			children = (
				6BE4A02828107A57004CB806 /* SpeedOfSoundTests.swift */,
			);
			path = SpeedOfSoundTests;
			sourceTree = "<group>";
		};
		6BE4A03128107A57004CB806 /* SpeedOfSoundUITests */ = {
			isa = PBXGroup;
			children = (
				6BE4A03228107A57004CB806 /* SpeedOfSoundUITests.swift */,
				6BE4A03428107A57004CB806 /* SpeedOfSoundUITestsLaunchTests.swift */,
			);
			path = SpeedOfSoundUITests;
			sourceTree = "<group>";
		};
		6BE4A03C28107A57004CB806 /* SpeedOfSound WatchKit App */ = {
			isa = PBXGroup;
			children = (
				6BE4A03D28107A58004CB806 /* Assets.xcassets */,
			);
			path = "SpeedOfSound WatchKit App";
			sourceTree = "<group>";
		};
		6BE4A04728107A58004CB806 /* SpeedOfSound WatchKit Extension */ = {
			isa = PBXGroup;
			children = (
				6BFE6A5D28108376008FE74E /* SpeedOfSound WatchKit Extension.entitlements */,
				6B4D30AE2816DD840078FEA3 /* Managers */,
				6B4D30A92816D34A0078FEA3 /* Views */,
				6BE4A05028107A58004CB806 /* ComplicationController.swift */,
				6B305DCE2815D95900D877CB /* Notification */,
				6BE4A05228107A59004CB806 /* Assets.xcassets */,
				6BE4A05728107A59004CB806 /* Info.plist */,
				6BE4A05828107A59004CB806 /* PushNotificationPayload.apns */,
				6BE4A05428107A59004CB806 /* Preview Content */,
			);
			path = "SpeedOfSound WatchKit Extension";
			sourceTree = "<group>";
		};
		6BE4A05428107A59004CB806 /* Preview Content */ = {
			isa = PBXGroup;
			children = (
				6BE4A05528107A59004CB806 /* Preview Assets.xcassets */,
			);
			path = "Preview Content";
			sourceTree = "<group>";
		};
		6BE4A06028107A59004CB806 /* SpeedOfSound WatchKit AppTests */ = {
			isa = PBXGroup;
			children = (
				6BE4A06128107A59004CB806 /* SpeedOfSound_WatchKit_AppTests.swift */,
			);
			path = "SpeedOfSound WatchKit AppTests";
			sourceTree = "<group>";
		};
		6BE4A06A28107A59004CB806 /* SpeedOfSound WatchKit AppUITests */ = {
			isa = PBXGroup;
			children = (
				6BE4A06B28107A59004CB806 /* SpeedOfSound_WatchKit_AppUITests.swift */,
				6BE4A06D28107A59004CB806 /* SpeedOfSound_WatchKit_AppUITestsLaunchTests.swift */,
			);
			path = "SpeedOfSound WatchKit AppUITests";
			sourceTree = "<group>";
		};
		6BFE6A5A28108294008FE74E /* Frameworks */ = {
			isa = PBXGroup;
			children = (
				6B3402D528210A2200C71216 /* HealthKit.framework */,
				6BFE6A5B28108294008FE74E /* HealthKit.framework */,
			);
			name = Frameworks;
			sourceTree = "<group>";
		};
/* End PBXGroup section */

/* Begin PBXNativeTarget section */
		6BE4A01328107A54004CB806 /* SpeedOfSound */ = {
			isa = PBXNativeTarget;
			buildConfigurationList = 6BE4A07928107A59004CB806 /* Build configuration list for PBXNativeTarget "SpeedOfSound" */;
			buildPhases = (
				6BE4A01028107A54004CB806 /* Sources */,
				6BE4A01128107A54004CB806 /* Frameworks */,
				6BE4A01228107A54004CB806 /* Resources */,
				6BE4A07828107A59004CB806 /* Embed Watch Content */,
			);
			buildRules = (
			);
			dependencies = (
				6BE4A03B28107A57004CB806 /* PBXTargetDependency */,
			);
			name = SpeedOfSound;
			packageProductDependencies = (
				6B3402B6281ED71400C71216 /* SwiftUIGIF */,
				6B3402C4281F376600C71216 /* HalfASheet */,
				6B3402D8282127FA00C71216 /* CorePermissionsSwiftUI */,
				6B3402DA282127FA00C71216 /* PermissionsSwiftUIHealth */,
			);
			productName = SpeedOfSound;
			productReference = 6BE4A01428107A54004CB806 /* SpeedOfSound.app */;
			productType = "com.apple.product-type.application";
		};
		6BE4A02328107A57004CB806 /* SpeedOfSoundTests */ = {
			isa = PBXNativeTarget;
			buildConfigurationList = 6BE4A07C28107A59004CB806 /* Build configuration list for PBXNativeTarget "SpeedOfSoundTests" */;
			buildPhases = (
				6BE4A02028107A57004CB806 /* Sources */,
				6BE4A02128107A57004CB806 /* Frameworks */,
				6BE4A02228107A57004CB806 /* Resources */,
			);
			buildRules = (
			);
			dependencies = (
				6BE4A02628107A57004CB806 /* PBXTargetDependency */,
			);
			name = SpeedOfSoundTests;
			productName = SpeedOfSoundTests;
			productReference = 6BE4A02428107A57004CB806 /* SpeedOfSoundTests.xctest */;
			productType = "com.apple.product-type.bundle.unit-test";
		};
		6BE4A02D28107A57004CB806 /* SpeedOfSoundUITests */ = {
			isa = PBXNativeTarget;
			buildConfigurationList = 6BE4A07F28107A59004CB806 /* Build configuration list for PBXNativeTarget "SpeedOfSoundUITests" */;
			buildPhases = (
				6BE4A02A28107A57004CB806 /* Sources */,
				6BE4A02B28107A57004CB806 /* Frameworks */,
				6BE4A02C28107A57004CB806 /* Resources */,
			);
			buildRules = (
			);
			dependencies = (
				6BE4A03028107A57004CB806 /* PBXTargetDependency */,
			);
			name = SpeedOfSoundUITests;
			productName = SpeedOfSoundUITests;
			productReference = 6BE4A02E28107A57004CB806 /* SpeedOfSoundUITests.xctest */;
			productType = "com.apple.product-type.bundle.ui-testing";
		};
		6BE4A03728107A57004CB806 /* SpeedOfSound WatchKit App */ = {
			isa = PBXNativeTarget;
			buildConfigurationList = 6BE4A07528107A59004CB806 /* Build configuration list for PBXNativeTarget "SpeedOfSound WatchKit App" */;
			buildPhases = (
				6BE4A03628107A57004CB806 /* Resources */,
				6BE4A07428107A59004CB806 /* Embed App Extensions */,
			);
			buildRules = (
			);
			dependencies = (
				6BE4A04628107A58004CB806 /* PBXTargetDependency */,
			);
			name = "SpeedOfSound WatchKit App";
			productName = "SpeedOfSound WatchKit App";
			productReference = 6BE4A03828107A57004CB806 /* SpeedOfSound WatchKit App.app */;
			productType = "com.apple.product-type.application.watchapp2";
		};
		6BE4A04228107A58004CB806 /* SpeedOfSound WatchKit Extension */ = {
			isa = PBXNativeTarget;
			buildConfigurationList = 6BE4A07128107A59004CB806 /* Build configuration list for PBXNativeTarget "SpeedOfSound WatchKit Extension" */;
			buildPhases = (
				6BE4A03F28107A58004CB806 /* Sources */,
				6BE4A04028107A58004CB806 /* Frameworks */,
				6BE4A04128107A58004CB806 /* Resources */,
			);
			buildRules = (
			);
			dependencies = (
			);
			name = "SpeedOfSound WatchKit Extension";
			productName = "SpeedOfSound WatchKit Extension";
			productReference = 6BE4A04328107A58004CB806 /* SpeedOfSound WatchKit Extension.appex */;
			productType = "com.apple.product-type.watchkit2-extension";
		};
		6BE4A05C28107A59004CB806 /* SpeedOfSound WatchKit AppTests */ = {
			isa = PBXNativeTarget;
			buildConfigurationList = 6BE4A08228107A59004CB806 /* Build configuration list for PBXNativeTarget "SpeedOfSound WatchKit AppTests" */;
			buildPhases = (
				6BE4A05928107A59004CB806 /* Sources */,
				6BE4A05A28107A59004CB806 /* Frameworks */,
				6BE4A05B28107A59004CB806 /* Resources */,
			);
			buildRules = (
			);
			dependencies = (
				6BE4A05F28107A59004CB806 /* PBXTargetDependency */,
			);
			name = "SpeedOfSound WatchKit AppTests";
			productName = "SpeedOfSound WatchKit AppTests";
			productReference = 6BE4A05D28107A59004CB806 /* SpeedOfSound WatchKit AppTests.xctest */;
			productType = "com.apple.product-type.bundle.unit-test";
		};
		6BE4A06628107A59004CB806 /* SpeedOfSound WatchKit AppUITests */ = {
			isa = PBXNativeTarget;
			buildConfigurationList = 6BE4A08528107A59004CB806 /* Build configuration list for PBXNativeTarget "SpeedOfSound WatchKit AppUITests" */;
			buildPhases = (
				6BE4A06328107A59004CB806 /* Sources */,
				6BE4A06428107A59004CB806 /* Frameworks */,
				6BE4A06528107A59004CB806 /* Resources */,
			);
			buildRules = (
			);
			dependencies = (
				6BE4A06928107A59004CB806 /* PBXTargetDependency */,
			);
			name = "SpeedOfSound WatchKit AppUITests";
			productName = "SpeedOfSound WatchKit AppUITests";
			productReference = 6BE4A06728107A59004CB806 /* SpeedOfSound WatchKit AppUITests.xctest */;
			productType = "com.apple.product-type.bundle.ui-testing";
		};
/* End PBXNativeTarget section */

/* Begin PBXProject section */
		6BE4A00C28107A54004CB806 /* Project object */ = {
			isa = PBXProject;
			attributes = {
				BuildIndependentTargetsInParallel = 1;
				LastSwiftUpdateCheck = 1330;
				LastUpgradeCheck = 1330;
				TargetAttributes = {
					6BE4A01328107A54004CB806 = {
						CreatedOnToolsVersion = 13.3.1;
					};
					6BE4A02328107A57004CB806 = {
						CreatedOnToolsVersion = 13.3.1;
						TestTargetID = 6BE4A01328107A54004CB806;
					};
					6BE4A02D28107A57004CB806 = {
						CreatedOnToolsVersion = 13.3.1;
						TestTargetID = 6BE4A01328107A54004CB806;
					};
					6BE4A03728107A57004CB806 = {
						CreatedOnToolsVersion = 13.3.1;
					};
					6BE4A04228107A58004CB806 = {
						CreatedOnToolsVersion = 13.3.1;
					};
					6BE4A05C28107A59004CB806 = {
						CreatedOnToolsVersion = 13.3.1;
						TestTargetID = 6BE4A04228107A58004CB806;
					};
					6BE4A06628107A59004CB806 = {
						CreatedOnToolsVersion = 13.3.1;
						TestTargetID = 6BE4A03728107A57004CB806;
					};
				};
			};
			buildConfigurationList = 6BE4A00F28107A54004CB806 /* Build configuration list for PBXProject "SpeedOfSound" */;
			compatibilityVersion = "Xcode 13.0";
			developmentRegion = en;
			hasScannedForEncodings = 0;
			knownRegions = (
				en,
				Base,
			);
			mainGroup = 6BE4A00B28107A54004CB806;
			packageReferences = (
				6B3402B5281ED71400C71216 /* XCRemoteSwiftPackageReference "swiftui-gif" */,
				6B3402C3281F376600C71216 /* XCRemoteSwiftPackageReference "HalfASheet" */,
				6B3402C8281F3C6C00C71216 /* XCRemoteSwiftPackageReference "Snap" */,
				6B3402D7282127FA00C71216 /* XCRemoteSwiftPackageReference "PermissionsSwiftUI" */,
			);
			productRefGroup = 6BE4A01528107A54004CB806 /* Products */;
			projectDirPath = "";
			projectRoot = "";
			targets = (
				6BE4A01328107A54004CB806 /* SpeedOfSound */,
				6BE4A02328107A57004CB806 /* SpeedOfSoundTests */,
				6BE4A02D28107A57004CB806 /* SpeedOfSoundUITests */,
				6BE4A03728107A57004CB806 /* SpeedOfSound WatchKit App */,
				6BE4A04228107A58004CB806 /* SpeedOfSound WatchKit Extension */,
				6BE4A05C28107A59004CB806 /* SpeedOfSound WatchKit AppTests */,
				6BE4A06628107A59004CB806 /* SpeedOfSound WatchKit AppUITests */,
			);
		};
/* End PBXProject section */

/* Begin PBXResourcesBuildPhase section */
		6BE4A01228107A54004CB806 /* Resources */ = {
			isa = PBXResourcesBuildPhase;
			buildActionMask = 2147483647;
			files = (
				6B3402B9281ED9EE00C71216 /* appleWatchAnimation.gif in Resources */,
				6BE4A01F28107A57004CB806 /* Preview Assets.xcassets in Resources */,
				6B305DBB2814A1D300D877CB /* Mechanical metronome - High.aif in Resources */,
				6B305DBE2814A1D300D877CB /* Bass drum.aif in Resources */,
				6B305DAB28145B5100D877CB /* Click.mp3 in Resources */,
				6B305DBF2814A1D300D877CB /* Jack slap.aif in Resources */,
				6BE4A01C28107A57004CB806 /* Assets.xcassets in Resources */,
				6B305DBC2814A1D300D877CB /* Hi-hat.aif in Resources */,
				6B305DC02814A1D300D877CB /* Mechanical metronome - Low.aif in Resources */,
				6B305DBD2814A1D300D877CB /* Cowbell.aif in Resources */,
				6B305DC12814A1D300D877CB /* Rimshot.aif in Resources */,
				6B305DC22814A1D300D877CB /* LAUGH!.aif in Resources */,
			);
			runOnlyForDeploymentPostprocessing = 0;
		};
		6BE4A02228107A57004CB806 /* Resources */ = {
			isa = PBXResourcesBuildPhase;
			buildActionMask = 2147483647;
			files = (
			);
			runOnlyForDeploymentPostprocessing = 0;
		};
		6BE4A02C28107A57004CB806 /* Resources */ = {
			isa = PBXResourcesBuildPhase;
			buildActionMask = 2147483647;
			files = (
			);
			runOnlyForDeploymentPostprocessing = 0;
		};
		6BE4A03628107A57004CB806 /* Resources */ = {
			isa = PBXResourcesBuildPhase;
			buildActionMask = 2147483647;
			files = (
				6BE4A03E28107A58004CB806 /* Assets.xcassets in Resources */,
			);
			runOnlyForDeploymentPostprocessing = 0;
		};
		6BE4A04128107A58004CB806 /* Resources */ = {
			isa = PBXResourcesBuildPhase;
			buildActionMask = 2147483647;
			files = (
				6BE4A05628107A59004CB806 /* Preview Assets.xcassets in Resources */,
				6BE4A05328107A59004CB806 /* Assets.xcassets in Resources */,
			);
			runOnlyForDeploymentPostprocessing = 0;
		};
		6BE4A05B28107A59004CB806 /* Resources */ = {
			isa = PBXResourcesBuildPhase;
			buildActionMask = 2147483647;
			files = (
			);
			runOnlyForDeploymentPostprocessing = 0;
		};
		6BE4A06528107A59004CB806 /* Resources */ = {
			isa = PBXResourcesBuildPhase;
			buildActionMask = 2147483647;
			files = (
			);
			runOnlyForDeploymentPostprocessing = 0;
		};
/* End PBXResourcesBuildPhase section */

/* Begin PBXSourcesBuildPhase section */
		6BE4A01028107A54004CB806 /* Sources */ = {
			isa = PBXSourcesBuildPhase;
			buildActionMask = 2147483647;
			files = (
				6B3402C7281F3B3F00C71216 /* Representables.swift in Sources */,
				6B46836328217E1A0048E20B /* HKWorkout+extensions.swift in Sources */,
				6B3402C2281EEC6400C71216 /* TriangleWaveModel.swift in Sources */,
				6B46835D28217A630048E20B /* RecentWorkoutsWidgets.swift in Sources */,
				6B305DC82815860E00D877CB /* Colors.swift in Sources */,
				6B305DD22815E47900D877CB /* SessionDelegater.swift in Sources */,
				6BE4A01A28107A54004CB806 /* ContentView.swift in Sources */,
				6B46835F28217D350048E20B /* WorkoutRowModel.swift in Sources */,
				6B305DAF28145B8500D877CB /* SoundView.swift in Sources */,
				6B3402D3282107E700C71216 /* DashboardViewModel.swift in Sources */,
				6B305DB128145CBA00D877CB /* PlayerViewModel.swift in Sources */,
				6B3402C0281EEBD400C71216 /* MetronomeModel.swift in Sources */,
				6B3402AF281DA46A00C71216 /* DashboardView.swift in Sources */,
				6B46836A282349430048E20B /* WorktoutDetailsModel.swift in Sources */,
				6B3402CE28205EF300C71216 /* ListenNowView.swift in Sources */,
				6BE4A01828107A54004CB806 /* SpeedOfSoundApp.swift in Sources */,
				6B3402B1281DD1A100C71216 /* Styles.swift in Sources */,
				6B4434BD28258E58006CBA12 /* RowDetailsView.swift in Sources */,
				6B3402AD281DA24000C71216 /* NewWorkOutView.swift in Sources */,
				6B3402CC281FE40200C71216 /* View+extensions.swift in Sources */,
				6B46836128217DCB0048E20B /* HKWorkoutActivityType+extensions.swift in Sources */,
				6B46836728217EDE0048E20B /* Text+extensions.swift in Sources */,
				6B46836528217E5F0048E20B /* Array+extensions.swift in Sources */,
			);
			runOnlyForDeploymentPostprocessing = 0;
		};
		6BE4A02028107A57004CB806 /* Sources */ = {
			isa = PBXSourcesBuildPhase;
			buildActionMask = 2147483647;
			files = (
				6BE4A02928107A57004CB806 /* SpeedOfSoundTests.swift in Sources */,
			);
			runOnlyForDeploymentPostprocessing = 0;
		};
		6BE4A02A28107A57004CB806 /* Sources */ = {
			isa = PBXSourcesBuildPhase;
			buildActionMask = 2147483647;
			files = (
				6BE4A03328107A57004CB806 /* SpeedOfSoundUITests.swift in Sources */,
				6BE4A03528107A57004CB806 /* SpeedOfSoundUITestsLaunchTests.swift in Sources */,
			);
			runOnlyForDeploymentPostprocessing = 0;
		};
		6BE4A03F28107A58004CB806 /* Sources */ = {
			isa = PBXSourcesBuildPhase;
			buildActionMask = 2147483647;
			files = (
				6B4D30A42816D2290078FEA3 /* SessionPaginView.swift in Sources */,
				6B4D30AB2816D6060078FEA3 /* SummaryView.swift in Sources */,
				6B305DD42815E6D500D877CB /* SessionDelegater.swift in Sources */,
				6BE4A04D28107A58004CB806 /* NotificationController.swift in Sources */,
				6B4D30AD2816D8FE0078FEA3 /* SesssionManager.swift in Sources */,
				6BE4A04B28107A58004CB806 /* ContentView.swift in Sources */,
				6B4D30A62816D2530078FEA3 /* ControlsView.swift in Sources */,
				6BE4A05128107A58004CB806 /* ComplicationController.swift in Sources */,
				6BE4A04928107A58004CB806 /* SpeedOfSoundApp.swift in Sources */,
				6B4D30A22816D09C0078FEA3 /* WorkoutManager.swift in Sources */,
				6B4D30A82816D28B0078FEA3 /* MetricsView.swift in Sources */,
				6BE4A04F28107A58004CB806 /* NotificationView.swift in Sources */,
			);
			runOnlyForDeploymentPostprocessing = 0;
		};
		6BE4A05928107A59004CB806 /* Sources */ = {
			isa = PBXSourcesBuildPhase;
			buildActionMask = 2147483647;
			files = (
				6BE4A06228107A59004CB806 /* SpeedOfSound_WatchKit_AppTests.swift in Sources */,
			);
			runOnlyForDeploymentPostprocessing = 0;
		};
		6BE4A06328107A59004CB806 /* Sources */ = {
			isa = PBXSourcesBuildPhase;
			buildActionMask = 2147483647;
			files = (
				6BE4A06E28107A59004CB806 /* SpeedOfSound_WatchKit_AppUITestsLaunchTests.swift in Sources */,
				6BE4A06C28107A59004CB806 /* SpeedOfSound_WatchKit_AppUITests.swift in Sources */,
			);
			runOnlyForDeploymentPostprocessing = 0;
		};
/* End PBXSourcesBuildPhase section */

/* Begin PBXTargetDependency section */
		6BE4A02628107A57004CB806 /* PBXTargetDependency */ = {
			isa = PBXTargetDependency;
			target = 6BE4A01328107A54004CB806 /* SpeedOfSound */;
			targetProxy = 6BE4A02528107A57004CB806 /* PBXContainerItemProxy */;
		};
		6BE4A03028107A57004CB806 /* PBXTargetDependency */ = {
			isa = PBXTargetDependency;
			target = 6BE4A01328107A54004CB806 /* SpeedOfSound */;
			targetProxy = 6BE4A02F28107A57004CB806 /* PBXContainerItemProxy */;
		};
		6BE4A03B28107A57004CB806 /* PBXTargetDependency */ = {
			isa = PBXTargetDependency;
			target = 6BE4A03728107A57004CB806 /* SpeedOfSound WatchKit App */;
			targetProxy = 6BE4A03A28107A57004CB806 /* PBXContainerItemProxy */;
		};
		6BE4A04628107A58004CB806 /* PBXTargetDependency */ = {
			isa = PBXTargetDependency;
			target = 6BE4A04228107A58004CB806 /* SpeedOfSound WatchKit Extension */;
			targetProxy = 6BE4A04528107A58004CB806 /* PBXContainerItemProxy */;
		};
		6BE4A05F28107A59004CB806 /* PBXTargetDependency */ = {
			isa = PBXTargetDependency;
			target = 6BE4A04228107A58004CB806 /* SpeedOfSound WatchKit Extension */;
			targetProxy = 6BE4A05E28107A59004CB806 /* PBXContainerItemProxy */;
		};
		6BE4A06928107A59004CB806 /* PBXTargetDependency */ = {
			isa = PBXTargetDependency;
			target = 6BE4A03728107A57004CB806 /* SpeedOfSound WatchKit App */;
			targetProxy = 6BE4A06828107A59004CB806 /* PBXContainerItemProxy */;
		};
/* End PBXTargetDependency section */

/* Begin XCBuildConfiguration section */
		6BE4A06F28107A59004CB806 /* Debug */ = {
			isa = XCBuildConfiguration;
			buildSettings = {
				ALWAYS_SEARCH_USER_PATHS = NO;
				CLANG_ANALYZER_NONNULL = YES;
				CLANG_ANALYZER_NUMBER_OBJECT_CONVERSION = YES_AGGRESSIVE;
				CLANG_CXX_LANGUAGE_STANDARD = "gnu++17";
				CLANG_ENABLE_MODULES = YES;
				CLANG_ENABLE_OBJC_ARC = YES;
				CLANG_ENABLE_OBJC_WEAK = YES;
				CLANG_WARN_BLOCK_CAPTURE_AUTORELEASING = YES;
				CLANG_WARN_BOOL_CONVERSION = YES;
				CLANG_WARN_COMMA = YES;
				CLANG_WARN_CONSTANT_CONVERSION = YES;
				CLANG_WARN_DEPRECATED_OBJC_IMPLEMENTATIONS = YES;
				CLANG_WARN_DIRECT_OBJC_ISA_USAGE = YES_ERROR;
				CLANG_WARN_DOCUMENTATION_COMMENTS = YES;
				CLANG_WARN_EMPTY_BODY = YES;
				CLANG_WARN_ENUM_CONVERSION = YES;
				CLANG_WARN_INFINITE_RECURSION = YES;
				CLANG_WARN_INT_CONVERSION = YES;
				CLANG_WARN_NON_LITERAL_NULL_CONVERSION = YES;
				CLANG_WARN_OBJC_IMPLICIT_RETAIN_SELF = YES;
				CLANG_WARN_OBJC_LITERAL_CONVERSION = YES;
				CLANG_WARN_OBJC_ROOT_CLASS = YES_ERROR;
				CLANG_WARN_QUOTED_INCLUDE_IN_FRAMEWORK_HEADER = YES;
				CLANG_WARN_RANGE_LOOP_ANALYSIS = YES;
				CLANG_WARN_STRICT_PROTOTYPES = YES;
				CLANG_WARN_SUSPICIOUS_MOVE = YES;
				CLANG_WARN_UNGUARDED_AVAILABILITY = YES_AGGRESSIVE;
				CLANG_WARN_UNREACHABLE_CODE = YES;
				CLANG_WARN__DUPLICATE_METHOD_MATCH = YES;
				COPY_PHASE_STRIP = NO;
				DEBUG_INFORMATION_FORMAT = dwarf;
				ENABLE_STRICT_OBJC_MSGSEND = YES;
				ENABLE_TESTABILITY = YES;
				GCC_C_LANGUAGE_STANDARD = gnu11;
				GCC_DYNAMIC_NO_PIC = NO;
				GCC_NO_COMMON_BLOCKS = YES;
				GCC_OPTIMIZATION_LEVEL = 0;
				GCC_PREPROCESSOR_DEFINITIONS = (
					"DEBUG=1",
					"$(inherited)",
				);
				GCC_WARN_64_TO_32_BIT_CONVERSION = YES;
				GCC_WARN_ABOUT_RETURN_TYPE = YES_ERROR;
				GCC_WARN_UNDECLARED_SELECTOR = YES;
				GCC_WARN_UNINITIALIZED_AUTOS = YES_AGGRESSIVE;
				GCC_WARN_UNUSED_FUNCTION = YES;
				GCC_WARN_UNUSED_VARIABLE = YES;
				IPHONEOS_DEPLOYMENT_TARGET = 15.0;
				MTL_ENABLE_DEBUG_INFO = INCLUDE_SOURCE;
				MTL_FAST_MATH = YES;
				ONLY_ACTIVE_ARCH = YES;
				SWIFT_ACTIVE_COMPILATION_CONDITIONS = DEBUG;
				SWIFT_OPTIMIZATION_LEVEL = "-Onone";
				WATCHOS_DEPLOYMENT_TARGET = 8.0;
			};
			name = Debug;
		};
		6BE4A07028107A59004CB806 /* Release */ = {
			isa = XCBuildConfiguration;
			buildSettings = {
				ALWAYS_SEARCH_USER_PATHS = NO;
				CLANG_ANALYZER_NONNULL = YES;
				CLANG_ANALYZER_NUMBER_OBJECT_CONVERSION = YES_AGGRESSIVE;
				CLANG_CXX_LANGUAGE_STANDARD = "gnu++17";
				CLANG_ENABLE_MODULES = YES;
				CLANG_ENABLE_OBJC_ARC = YES;
				CLANG_ENABLE_OBJC_WEAK = YES;
				CLANG_WARN_BLOCK_CAPTURE_AUTORELEASING = YES;
				CLANG_WARN_BOOL_CONVERSION = YES;
				CLANG_WARN_COMMA = YES;
				CLANG_WARN_CONSTANT_CONVERSION = YES;
				CLANG_WARN_DEPRECATED_OBJC_IMPLEMENTATIONS = YES;
				CLANG_WARN_DIRECT_OBJC_ISA_USAGE = YES_ERROR;
				CLANG_WARN_DOCUMENTATION_COMMENTS = YES;
				CLANG_WARN_EMPTY_BODY = YES;
				CLANG_WARN_ENUM_CONVERSION = YES;
				CLANG_WARN_INFINITE_RECURSION = YES;
				CLANG_WARN_INT_CONVERSION = YES;
				CLANG_WARN_NON_LITERAL_NULL_CONVERSION = YES;
				CLANG_WARN_OBJC_IMPLICIT_RETAIN_SELF = YES;
				CLANG_WARN_OBJC_LITERAL_CONVERSION = YES;
				CLANG_WARN_OBJC_ROOT_CLASS = YES_ERROR;
				CLANG_WARN_QUOTED_INCLUDE_IN_FRAMEWORK_HEADER = YES;
				CLANG_WARN_RANGE_LOOP_ANALYSIS = YES;
				CLANG_WARN_STRICT_PROTOTYPES = YES;
				CLANG_WARN_SUSPICIOUS_MOVE = YES;
				CLANG_WARN_UNGUARDED_AVAILABILITY = YES_AGGRESSIVE;
				CLANG_WARN_UNREACHABLE_CODE = YES;
				CLANG_WARN__DUPLICATE_METHOD_MATCH = YES;
				COPY_PHASE_STRIP = NO;
				DEBUG_INFORMATION_FORMAT = "dwarf-with-dsym";
				ENABLE_NS_ASSERTIONS = NO;
				ENABLE_STRICT_OBJC_MSGSEND = YES;
				GCC_C_LANGUAGE_STANDARD = gnu11;
				GCC_NO_COMMON_BLOCKS = YES;
				GCC_WARN_64_TO_32_BIT_CONVERSION = YES;
				GCC_WARN_ABOUT_RETURN_TYPE = YES_ERROR;
				GCC_WARN_UNDECLARED_SELECTOR = YES;
				GCC_WARN_UNINITIALIZED_AUTOS = YES_AGGRESSIVE;
				GCC_WARN_UNUSED_FUNCTION = YES;
				GCC_WARN_UNUSED_VARIABLE = YES;
				IPHONEOS_DEPLOYMENT_TARGET = 15.0;
				MTL_ENABLE_DEBUG_INFO = NO;
				MTL_FAST_MATH = YES;
				SWIFT_COMPILATION_MODE = wholemodule;
				SWIFT_OPTIMIZATION_LEVEL = "-O";
				WATCHOS_DEPLOYMENT_TARGET = 8.0;
			};
			name = Release;
		};
		6BE4A07228107A59004CB806 /* Debug */ = {
			isa = XCBuildConfiguration;
			buildSettings = {
				ASSETCATALOG_COMPILER_COMPLICATION_NAME = Complication;
				CODE_SIGN_ENTITLEMENTS = "SpeedOfSound WatchKit Extension/SpeedOfSound WatchKit Extension.entitlements";
				CODE_SIGN_STYLE = Automatic;
				CURRENT_PROJECT_VERSION = 1;
				DEVELOPMENT_ASSET_PATHS = "\"SpeedOfSound WatchKit Extension/Preview Content\"";
				DEVELOPMENT_TEAM = ZCPG2Z69ZT;
				ENABLE_PREVIEWS = YES;
				GENERATE_INFOPLIST_FILE = YES;
				INFOPLIST_FILE = "SpeedOfSound WatchKit Extension/Info.plist";
				INFOPLIST_KEY_CFBundleDisplayName = "SpeedOfSound WatchKit Extension";
				INFOPLIST_KEY_CLKComplicationPrincipalClass = SpeedOfSound_WatchKit_Extension.ComplicationController;
				INFOPLIST_KEY_NSHealthClinicalHealthRecordsShareUsageDescription = "Health records usage allowed?";
				INFOPLIST_KEY_NSHealthShareUsageDescription = "Health share usage allowed?";
				INFOPLIST_KEY_NSHealthUpdateUsageDescription = "Health update usage allowed?";
				INFOPLIST_KEY_NSHumanReadableCopyright = "";
				INFOPLIST_KEY_WKRunsIndependentlyOfCompanionApp = YES;
				LD_RUNPATH_SEARCH_PATHS = (
					"$(inherited)",
					"@executable_path/Frameworks",
					"@executable_path/../../Frameworks",
				);
				MARKETING_VERSION = 1.0;
				PRODUCT_BUNDLE_IDENTIFIER = com.anzer.SpeedOfSound.watchkitapp.watchkitextension;
				PRODUCT_NAME = "${TARGET_NAME}";
				SDKROOT = watchos;
				SKIP_INSTALL = YES;
				SWIFT_EMIT_LOC_STRINGS = YES;
				SWIFT_VERSION = 5.0;
				TARGETED_DEVICE_FAMILY = 4;
				WATCHOS_DEPLOYMENT_TARGET = 8.5;
			};
			name = Debug;
		};
		6BE4A07328107A59004CB806 /* Release */ = {
			isa = XCBuildConfiguration;
			buildSettings = {
				ASSETCATALOG_COMPILER_COMPLICATION_NAME = Complication;
				CODE_SIGN_ENTITLEMENTS = "SpeedOfSound WatchKit Extension/SpeedOfSound WatchKit Extension.entitlements";
				CODE_SIGN_STYLE = Automatic;
				CURRENT_PROJECT_VERSION = 1;
				DEVELOPMENT_ASSET_PATHS = "\"SpeedOfSound WatchKit Extension/Preview Content\"";
				DEVELOPMENT_TEAM = ZCPG2Z69ZT;
				ENABLE_PREVIEWS = YES;
				GENERATE_INFOPLIST_FILE = YES;
				INFOPLIST_FILE = "SpeedOfSound WatchKit Extension/Info.plist";
				INFOPLIST_KEY_CFBundleDisplayName = "SpeedOfSound WatchKit Extension";
				INFOPLIST_KEY_CLKComplicationPrincipalClass = SpeedOfSound_WatchKit_Extension.ComplicationController;
				INFOPLIST_KEY_NSHealthClinicalHealthRecordsShareUsageDescription = "Health records usage allowed?";
				INFOPLIST_KEY_NSHealthShareUsageDescription = "Health share usage allowed?";
				INFOPLIST_KEY_NSHealthUpdateUsageDescription = "Health update usage allowed?";
				INFOPLIST_KEY_NSHumanReadableCopyright = "";
				INFOPLIST_KEY_WKRunsIndependentlyOfCompanionApp = YES;
				LD_RUNPATH_SEARCH_PATHS = (
					"$(inherited)",
					"@executable_path/Frameworks",
					"@executable_path/../../Frameworks",
				);
				MARKETING_VERSION = 1.0;
				PRODUCT_BUNDLE_IDENTIFIER = com.anzer.SpeedOfSound.watchkitapp.watchkitextension;
				PRODUCT_NAME = "${TARGET_NAME}";
				SDKROOT = watchos;
				SKIP_INSTALL = YES;
				SWIFT_EMIT_LOC_STRINGS = YES;
				SWIFT_VERSION = 5.0;
				TARGETED_DEVICE_FAMILY = 4;
				VALIDATE_PRODUCT = YES;
				WATCHOS_DEPLOYMENT_TARGET = 8.5;
			};
			name = Release;
		};
		6BE4A07628107A59004CB806 /* Debug */ = {
			isa = XCBuildConfiguration;
			buildSettings = {
				ALWAYS_EMBED_SWIFT_STANDARD_LIBRARIES = YES;
				ASSETCATALOG_COMPILER_APPICON_NAME = AppIcon;
				ASSETCATALOG_COMPILER_GLOBAL_ACCENT_COLOR_NAME = AccentColor;
				CODE_SIGN_STYLE = Automatic;
				CURRENT_PROJECT_VERSION = 1;
				DEVELOPMENT_TEAM = ZCPG2Z69ZT;
				GENERATE_INFOPLIST_FILE = YES;
				IBSC_MODULE = SpeedOfSound_WatchKit_Extension;
				INFOPLIST_KEY_CFBundleDisplayName = "SpeedOfSound WatchKit App";
				INFOPLIST_KEY_UISupportedInterfaceOrientations = "UIInterfaceOrientationPortrait UIInterfaceOrientationPortraitUpsideDown";
				INFOPLIST_KEY_WKCompanionAppBundleIdentifier = com.anzer.SpeedOfSound;
				MARKETING_VERSION = 1.0;
				PRODUCT_BUNDLE_IDENTIFIER = com.anzer.SpeedOfSound.watchkitapp;
				PRODUCT_NAME = "$(TARGET_NAME)";
				SDKROOT = watchos;
				SKIP_INSTALL = YES;
				SWIFT_EMIT_LOC_STRINGS = YES;
				SWIFT_VERSION = 5.0;
				TARGETED_DEVICE_FAMILY = 4;
				WATCHOS_DEPLOYMENT_TARGET = 8.5;
			};
			name = Debug;
		};
		6BE4A07728107A59004CB806 /* Release */ = {
			isa = XCBuildConfiguration;
			buildSettings = {
				ALWAYS_EMBED_SWIFT_STANDARD_LIBRARIES = YES;
				ASSETCATALOG_COMPILER_APPICON_NAME = AppIcon;
				ASSETCATALOG_COMPILER_GLOBAL_ACCENT_COLOR_NAME = AccentColor;
				CODE_SIGN_STYLE = Automatic;
				CURRENT_PROJECT_VERSION = 1;
				DEVELOPMENT_TEAM = ZCPG2Z69ZT;
				GENERATE_INFOPLIST_FILE = YES;
				IBSC_MODULE = SpeedOfSound_WatchKit_Extension;
				INFOPLIST_KEY_CFBundleDisplayName = "SpeedOfSound WatchKit App";
				INFOPLIST_KEY_UISupportedInterfaceOrientations = "UIInterfaceOrientationPortrait UIInterfaceOrientationPortraitUpsideDown";
				INFOPLIST_KEY_WKCompanionAppBundleIdentifier = com.anzer.SpeedOfSound;
				MARKETING_VERSION = 1.0;
				PRODUCT_BUNDLE_IDENTIFIER = com.anzer.SpeedOfSound.watchkitapp;
				PRODUCT_NAME = "$(TARGET_NAME)";
				SDKROOT = watchos;
				SKIP_INSTALL = YES;
				SWIFT_EMIT_LOC_STRINGS = YES;
				SWIFT_VERSION = 5.0;
				TARGETED_DEVICE_FAMILY = 4;
				VALIDATE_PRODUCT = YES;
				WATCHOS_DEPLOYMENT_TARGET = 8.5;
			};
			name = Release;
		};
		6BE4A07A28107A59004CB806 /* Debug */ = {
			isa = XCBuildConfiguration;
			buildSettings = {
				ASSETCATALOG_COMPILER_APPICON_NAME = AppIcon;
				ASSETCATALOG_COMPILER_GLOBAL_ACCENT_COLOR_NAME = AccentColor;
				CODE_SIGN_ENTITLEMENTS = SpeedOfSound/SpeedOfSound.entitlements;
				CODE_SIGN_IDENTITY = "Apple Development";
				CODE_SIGN_STYLE = Automatic;
				CURRENT_PROJECT_VERSION = 1;
				DEVELOPMENT_ASSET_PATHS = "\"SpeedOfSound/Preview Content\"";
				DEVELOPMENT_TEAM = ZCPG2Z69ZT;
				ENABLE_PREVIEWS = YES;
				GENERATE_INFOPLIST_FILE = YES;
				INFOPLIST_FILE = SpeedOfSound/Info.plist;
				INFOPLIST_KEY_UIApplicationSceneManifest_Generation = YES;
				INFOPLIST_KEY_UIApplicationSupportsIndirectInputEvents = YES;
				INFOPLIST_KEY_UILaunchScreen_Generation = YES;
				INFOPLIST_KEY_UISupportedInterfaceOrientations = UIInterfaceOrientationPortrait;
				INFOPLIST_KEY_UISupportedInterfaceOrientations_iPad = UIInterfaceOrientationPortrait;
				INFOPLIST_KEY_UISupportedInterfaceOrientations_iPhone = UIInterfaceOrientationPortrait;
				IPHONEOS_DEPLOYMENT_TARGET = 15.4;
				LD_RUNPATH_SEARCH_PATHS = (
					"$(inherited)",
					"@executable_path/Frameworks",
				);
				MARKETING_VERSION = 1.0;
				PRODUCT_BUNDLE_IDENTIFIER = com.anzer.SpeedOfSound;
				PRODUCT_NAME = "$(TARGET_NAME)";
				PROVISIONING_PROFILE_SPECIFIER = "";
				SDKROOT = iphoneos;
				SWIFT_EMIT_LOC_STRINGS = YES;
				SWIFT_VERSION = 5.0;
				TARGETED_DEVICE_FAMILY = "1,2";
			};
			name = Debug;
		};
		6BE4A07B28107A59004CB806 /* Release */ = {
			isa = XCBuildConfiguration;
			buildSettings = {
				ASSETCATALOG_COMPILER_APPICON_NAME = AppIcon;
				ASSETCATALOG_COMPILER_GLOBAL_ACCENT_COLOR_NAME = AccentColor;
				CODE_SIGN_ENTITLEMENTS = SpeedOfSound/SpeedOfSound.entitlements;
				CODE_SIGN_IDENTITY = "Apple Development";
				CODE_SIGN_STYLE = Automatic;
				CURRENT_PROJECT_VERSION = 1;
				DEVELOPMENT_ASSET_PATHS = "\"SpeedOfSound/Preview Content\"";
				DEVELOPMENT_TEAM = ZCPG2Z69ZT;
				ENABLE_PREVIEWS = YES;
				GENERATE_INFOPLIST_FILE = YES;
				INFOPLIST_FILE = SpeedOfSound/Info.plist;
				INFOPLIST_KEY_UIApplicationSceneManifest_Generation = YES;
				INFOPLIST_KEY_UIApplicationSupportsIndirectInputEvents = YES;
				INFOPLIST_KEY_UILaunchScreen_Generation = YES;
				INFOPLIST_KEY_UISupportedInterfaceOrientations = UIInterfaceOrientationPortrait;
				INFOPLIST_KEY_UISupportedInterfaceOrientations_iPad = UIInterfaceOrientationPortrait;
				INFOPLIST_KEY_UISupportedInterfaceOrientations_iPhone = UIInterfaceOrientationPortrait;
				IPHONEOS_DEPLOYMENT_TARGET = 15.4;
				LD_RUNPATH_SEARCH_PATHS = (
					"$(inherited)",
					"@executable_path/Frameworks",
				);
				MARKETING_VERSION = 1.0;
				PRODUCT_BUNDLE_IDENTIFIER = com.anzer.SpeedOfSound;
				PRODUCT_NAME = "$(TARGET_NAME)";
				PROVISIONING_PROFILE_SPECIFIER = "";
				SDKROOT = iphoneos;
				SWIFT_EMIT_LOC_STRINGS = YES;
				SWIFT_VERSION = 5.0;
				TARGETED_DEVICE_FAMILY = "1,2";
				VALIDATE_PRODUCT = YES;
			};
			name = Release;
		};
		6BE4A07D28107A59004CB806 /* Debug */ = {
			isa = XCBuildConfiguration;
			buildSettings = {
				ALWAYS_EMBED_SWIFT_STANDARD_LIBRARIES = YES;
				BUNDLE_LOADER = "$(TEST_HOST)";
				CODE_SIGN_STYLE = Automatic;
				CURRENT_PROJECT_VERSION = 1;
				DEVELOPMENT_TEAM = ZCPG2Z69ZT;
				GENERATE_INFOPLIST_FILE = YES;
				IPHONEOS_DEPLOYMENT_TARGET = 15.4;
				MARKETING_VERSION = 1.0;
				PRODUCT_BUNDLE_IDENTIFIER = com.anzer.SpeedOfSoundTests;
				PRODUCT_NAME = "$(TARGET_NAME)";
				SDKROOT = iphoneos;
				SWIFT_EMIT_LOC_STRINGS = NO;
				SWIFT_VERSION = 5.0;
				TARGETED_DEVICE_FAMILY = "1,2";
				TEST_HOST = "$(BUILT_PRODUCTS_DIR)/SpeedOfSound.app/SpeedOfSound";
			};
			name = Debug;
		};
		6BE4A07E28107A59004CB806 /* Release */ = {
			isa = XCBuildConfiguration;
			buildSettings = {
				ALWAYS_EMBED_SWIFT_STANDARD_LIBRARIES = YES;
				BUNDLE_LOADER = "$(TEST_HOST)";
				CODE_SIGN_STYLE = Automatic;
				CURRENT_PROJECT_VERSION = 1;
				DEVELOPMENT_TEAM = ZCPG2Z69ZT;
				GENERATE_INFOPLIST_FILE = YES;
				IPHONEOS_DEPLOYMENT_TARGET = 15.4;
				MARKETING_VERSION = 1.0;
				PRODUCT_BUNDLE_IDENTIFIER = com.anzer.SpeedOfSoundTests;
				PRODUCT_NAME = "$(TARGET_NAME)";
				SDKROOT = iphoneos;
				SWIFT_EMIT_LOC_STRINGS = NO;
				SWIFT_VERSION = 5.0;
				TARGETED_DEVICE_FAMILY = "1,2";
				TEST_HOST = "$(BUILT_PRODUCTS_DIR)/SpeedOfSound.app/SpeedOfSound";
				VALIDATE_PRODUCT = YES;
			};
			name = Release;
		};
		6BE4A08028107A59004CB806 /* Debug */ = {
			isa = XCBuildConfiguration;
			buildSettings = {
				ALWAYS_EMBED_SWIFT_STANDARD_LIBRARIES = YES;
				CODE_SIGN_STYLE = Automatic;
				CURRENT_PROJECT_VERSION = 1;
				DEVELOPMENT_TEAM = ZCPG2Z69ZT;
				GENERATE_INFOPLIST_FILE = YES;
				IPHONEOS_DEPLOYMENT_TARGET = 15.4;
				MARKETING_VERSION = 1.0;
				PRODUCT_BUNDLE_IDENTIFIER = com.anzer.SpeedOfSoundUITests;
				PRODUCT_NAME = "$(TARGET_NAME)";
				SDKROOT = iphoneos;
				SWIFT_EMIT_LOC_STRINGS = NO;
				SWIFT_VERSION = 5.0;
				TARGETED_DEVICE_FAMILY = "1,2";
				TEST_TARGET_NAME = SpeedOfSound;
			};
			name = Debug;
		};
		6BE4A08128107A59004CB806 /* Release */ = {
			isa = XCBuildConfiguration;
			buildSettings = {
				ALWAYS_EMBED_SWIFT_STANDARD_LIBRARIES = YES;
				CODE_SIGN_STYLE = Automatic;
				CURRENT_PROJECT_VERSION = 1;
				DEVELOPMENT_TEAM = ZCPG2Z69ZT;
				GENERATE_INFOPLIST_FILE = YES;
				IPHONEOS_DEPLOYMENT_TARGET = 15.4;
				MARKETING_VERSION = 1.0;
				PRODUCT_BUNDLE_IDENTIFIER = com.anzer.SpeedOfSoundUITests;
				PRODUCT_NAME = "$(TARGET_NAME)";
				SDKROOT = iphoneos;
				SWIFT_EMIT_LOC_STRINGS = NO;
				SWIFT_VERSION = 5.0;
				TARGETED_DEVICE_FAMILY = "1,2";
				TEST_TARGET_NAME = SpeedOfSound;
				VALIDATE_PRODUCT = YES;
			};
			name = Release;
		};
		6BE4A08328107A59004CB806 /* Debug */ = {
			isa = XCBuildConfiguration;
			buildSettings = {
				ALWAYS_EMBED_SWIFT_STANDARD_LIBRARIES = YES;
				BUNDLE_LOADER = "$(TEST_HOST)";
				CODE_SIGN_STYLE = Automatic;
				CURRENT_PROJECT_VERSION = 1;
				DEVELOPMENT_TEAM = ZCPG2Z69ZT;
				GENERATE_INFOPLIST_FILE = YES;
				MARKETING_VERSION = 1.0;
				PRODUCT_BUNDLE_IDENTIFIER = "com.anzer.SpeedOfSound-WatchKit-AppTests";
				PRODUCT_NAME = "$(TARGET_NAME)";
				SDKROOT = watchos;
				SWIFT_EMIT_LOC_STRINGS = NO;
				SWIFT_VERSION = 5.0;
				TARGETED_DEVICE_FAMILY = 4;
				TEST_HOST = "$(BUILT_PRODUCTS_DIR)/SpeedOfSound WatchKit Extension.appex/SpeedOfSound WatchKit Extension";
				WATCHOS_DEPLOYMENT_TARGET = 8.5;
			};
			name = Debug;
		};
		6BE4A08428107A59004CB806 /* Release */ = {
			isa = XCBuildConfiguration;
			buildSettings = {
				ALWAYS_EMBED_SWIFT_STANDARD_LIBRARIES = YES;
				BUNDLE_LOADER = "$(TEST_HOST)";
				CODE_SIGN_STYLE = Automatic;
				CURRENT_PROJECT_VERSION = 1;
				DEVELOPMENT_TEAM = ZCPG2Z69ZT;
				GENERATE_INFOPLIST_FILE = YES;
				MARKETING_VERSION = 1.0;
				PRODUCT_BUNDLE_IDENTIFIER = "com.anzer.SpeedOfSound-WatchKit-AppTests";
				PRODUCT_NAME = "$(TARGET_NAME)";
				SDKROOT = watchos;
				SWIFT_EMIT_LOC_STRINGS = NO;
				SWIFT_VERSION = 5.0;
				TARGETED_DEVICE_FAMILY = 4;
				TEST_HOST = "$(BUILT_PRODUCTS_DIR)/SpeedOfSound WatchKit Extension.appex/SpeedOfSound WatchKit Extension";
				VALIDATE_PRODUCT = YES;
				WATCHOS_DEPLOYMENT_TARGET = 8.5;
			};
			name = Release;
		};
		6BE4A08628107A59004CB806 /* Debug */ = {
			isa = XCBuildConfiguration;
			buildSettings = {
				CODE_SIGN_STYLE = Automatic;
				CURRENT_PROJECT_VERSION = 1;
				DEVELOPMENT_TEAM = ZCPG2Z69ZT;
				GENERATE_INFOPLIST_FILE = YES;
				MARKETING_VERSION = 1.0;
				PRODUCT_BUNDLE_IDENTIFIER = "com.anzer.SpeedOfSound-WatchKit-AppUITests";
				PRODUCT_NAME = "$(TARGET_NAME)";
				SDKROOT = watchos;
				SWIFT_EMIT_LOC_STRINGS = NO;
				SWIFT_VERSION = 5.0;
				TARGETED_DEVICE_FAMILY = 4;
				TEST_TARGET_NAME = "SpeedOfSound WatchKit App";
				WATCHOS_DEPLOYMENT_TARGET = 8.5;
			};
			name = Debug;
		};
		6BE4A08728107A59004CB806 /* Release */ = {
			isa = XCBuildConfiguration;
			buildSettings = {
				CODE_SIGN_STYLE = Automatic;
				CURRENT_PROJECT_VERSION = 1;
				DEVELOPMENT_TEAM = ZCPG2Z69ZT;
				GENERATE_INFOPLIST_FILE = YES;
				MARKETING_VERSION = 1.0;
				PRODUCT_BUNDLE_IDENTIFIER = "com.anzer.SpeedOfSound-WatchKit-AppUITests";
				PRODUCT_NAME = "$(TARGET_NAME)";
				SDKROOT = watchos;
				SWIFT_EMIT_LOC_STRINGS = NO;
				SWIFT_VERSION = 5.0;
				TARGETED_DEVICE_FAMILY = 4;
				TEST_TARGET_NAME = "SpeedOfSound WatchKit App";
				VALIDATE_PRODUCT = YES;
				WATCHOS_DEPLOYMENT_TARGET = 8.5;
			};
			name = Release;
		};
/* End XCBuildConfiguration section */

/* Begin XCConfigurationList section */
		6BE4A00F28107A54004CB806 /* Build configuration list for PBXProject "SpeedOfSound" */ = {
			isa = XCConfigurationList;
			buildConfigurations = (
				6BE4A06F28107A59004CB806 /* Debug */,
				6BE4A07028107A59004CB806 /* Release */,
			);
			defaultConfigurationIsVisible = 0;
			defaultConfigurationName = Release;
		};
		6BE4A07128107A59004CB806 /* Build configuration list for PBXNativeTarget "SpeedOfSound WatchKit Extension" */ = {
			isa = XCConfigurationList;
			buildConfigurations = (
				6BE4A07228107A59004CB806 /* Debug */,
				6BE4A07328107A59004CB806 /* Release */,
			);
			defaultConfigurationIsVisible = 0;
			defaultConfigurationName = Release;
		};
		6BE4A07528107A59004CB806 /* Build configuration list for PBXNativeTarget "SpeedOfSound WatchKit App" */ = {
			isa = XCConfigurationList;
			buildConfigurations = (
				6BE4A07628107A59004CB806 /* Debug */,
				6BE4A07728107A59004CB806 /* Release */,
			);
			defaultConfigurationIsVisible = 0;
			defaultConfigurationName = Release;
		};
		6BE4A07928107A59004CB806 /* Build configuration list for PBXNativeTarget "SpeedOfSound" */ = {
			isa = XCConfigurationList;
			buildConfigurations = (
				6BE4A07A28107A59004CB806 /* Debug */,
				6BE4A07B28107A59004CB806 /* Release */,
			);
			defaultConfigurationIsVisible = 0;
			defaultConfigurationName = Release;
		};
		6BE4A07C28107A59004CB806 /* Build configuration list for PBXNativeTarget "SpeedOfSoundTests" */ = {
			isa = XCConfigurationList;
			buildConfigurations = (
				6BE4A07D28107A59004CB806 /* Debug */,
				6BE4A07E28107A59004CB806 /* Release */,
			);
			defaultConfigurationIsVisible = 0;
			defaultConfigurationName = Release;
		};
		6BE4A07F28107A59004CB806 /* Build configuration list for PBXNativeTarget "SpeedOfSoundUITests" */ = {
			isa = XCConfigurationList;
			buildConfigurations = (
				6BE4A08028107A59004CB806 /* Debug */,
				6BE4A08128107A59004CB806 /* Release */,
			);
			defaultConfigurationIsVisible = 0;
			defaultConfigurationName = Release;
		};
		6BE4A08228107A59004CB806 /* Build configuration list for PBXNativeTarget "SpeedOfSound WatchKit AppTests" */ = {
			isa = XCConfigurationList;
			buildConfigurations = (
				6BE4A08328107A59004CB806 /* Debug */,
				6BE4A08428107A59004CB806 /* Release */,
			);
			defaultConfigurationIsVisible = 0;
			defaultConfigurationName = Release;
		};
		6BE4A08528107A59004CB806 /* Build configuration list for PBXNativeTarget "SpeedOfSound WatchKit AppUITests" */ = {
			isa = XCConfigurationList;
			buildConfigurations = (
				6BE4A08628107A59004CB806 /* Debug */,
				6BE4A08728107A59004CB806 /* Release */,
			);
			defaultConfigurationIsVisible = 0;
			defaultConfigurationName = Release;
		};
/* End XCConfigurationList section */

/* Begin XCRemoteSwiftPackageReference section */
		6B3402B5281ED71400C71216 /* XCRemoteSwiftPackageReference "swiftui-gif" */ = {
			isa = XCRemoteSwiftPackageReference;
			repositoryURL = "https://github.com/globulus/swiftui-gif";
			requirement = {
				kind = upToNextMajorVersion;
				minimumVersion = 1.0.0;
			};
		};
		6B3402C3281F376600C71216 /* XCRemoteSwiftPackageReference "HalfASheet" */ = {
			isa = XCRemoteSwiftPackageReference;
			repositoryURL = "https://github.com/franklynw/HalfASheet";
			requirement = {
				kind = upToNextMajorVersion;
				minimumVersion = 1.0.0;
			};
		};
		6B3402C8281F3C6C00C71216 /* XCRemoteSwiftPackageReference "Snap" */ = {
			isa = XCRemoteSwiftPackageReference;
			repositoryURL = "https://github.com/nerdsupremacist/Snap.git";
			requirement = {
				kind = upToNextMajorVersion;
				minimumVersion = 0.2.2;
			};
		};
		6B3402D7282127FA00C71216 /* XCRemoteSwiftPackageReference "PermissionsSwiftUI" */ = {
			isa = XCRemoteSwiftPackageReference;
			repositoryURL = "https://github.com/jevonmao/PermissionsSwiftUI";
			requirement = {
				kind = upToNextMajorVersion;
				minimumVersion = 1.0.0;
			};
		};
/* End XCRemoteSwiftPackageReference section */

/* Begin XCSwiftPackageProductDependency section */
		6B3402B6281ED71400C71216 /* SwiftUIGIF */ = {
			isa = XCSwiftPackageProductDependency;
			package = 6B3402B5281ED71400C71216 /* XCRemoteSwiftPackageReference "swiftui-gif" */;
			productName = SwiftUIGIF;
		};
		6B3402C4281F376600C71216 /* HalfASheet */ = {
			isa = XCSwiftPackageProductDependency;
			package = 6B3402C3281F376600C71216 /* XCRemoteSwiftPackageReference "HalfASheet" */;
			productName = HalfASheet;
		};
		6B3402D8282127FA00C71216 /* CorePermissionsSwiftUI */ = {
			isa = XCSwiftPackageProductDependency;
			package = 6B3402D7282127FA00C71216 /* XCRemoteSwiftPackageReference "PermissionsSwiftUI" */;
			productName = CorePermissionsSwiftUI;
		};
		6B3402DA282127FA00C71216 /* PermissionsSwiftUIHealth */ = {
			isa = XCSwiftPackageProductDependency;
			package = 6B3402D7282127FA00C71216 /* XCRemoteSwiftPackageReference "PermissionsSwiftUI" */;
			productName = PermissionsSwiftUIHealth;
		};
/* End XCSwiftPackageProductDependency section */
	};
	rootObject = 6BE4A00C28107A54004CB806 /* Project object */;
}
